{"is_source_file": false, "format": "", "description": "", "external_files": [], "external_methods": [], "published": [], "classes": [], "methods": [], "calls": [], "search-terms": [], "state": 2, "file_id": 32, "knowledge_revision": 66, "git_revision": "551e0dd29c1eff0bae13fb78dc7037edd7aa988f", "hash": "e9b4c3b42cef0193b7fddb548d37e652", "format-version": 4, "code-base-name": "default", "filename": "noteease_frontend/post_process_status.lock", "revision_history": [{"66": "551e0dd29c1eff0bae13fb78dc7037edd7aa988f"}]}